{
  "name": "@ecliptia/seekable-stream",
  "version": "1.2.0",
  "lockfileVersion": 3,
  "requires": true,
  "packages": {
    "": {
      "name": "@ecliptia/seekable-stream",
      "version": "1.2.0",
      "license": "ISC",
      "dependencies": {
        "codec-parser": "^2.5.0",
        "prism-media": "^1.3.5",
        "ts-ebml": "^3.0.2"
      }
    },
    "node_modules/buffers": {
      "version": "0.1.1",
      "resolved": "https://registry.npmjs.org/buffers/-/buffers-0.1.1.tgz",
      "integrity": "sha512-9q/rDEGSb/Qsvv2qvzIzdluL5k7AaJOTrw23z9reQthrbF7is4CtlT0DXyO1oei2DCp4uojjzQ7igaSHp1kAEQ==",
      "engines": {
        "node": ">=0.2.0"
      }
    },
    "node_modules/codec-parser": {
      "version": "2.5.0",
      "resolved": "https://registry.npmjs.org/codec-parser/-/codec-parser-2.5.0.tgz",
      "integrity": "sha512-Ru9t80fV8B0ZiixQl8xhMTLru+dzuis/KQld32/x5T/+3LwZb0/YvQdSKytX9JqCnRdiupvAvyYJINKrXieziQ==",
      "license": "LGPL-3.0-or-later"
    },
    "node_modules/commander": {
      "version": "12.1.0",
      "resolved": "https://registry.npmjs.org/commander/-/commander-12.1.0.tgz",
      "integrity": "sha512-Vw8qHK3bZM9y/P10u3Vib8o/DdkvA2OtPtZvD871QKjy74Wj1WSKFILMPRPSdUSx5RFK1arlJzEtA4PkFgnbuA==",
      "license": "MIT",
      "engines": {
        "node": ">=18"
      }
    },
    "node_modules/ebml": {
      "version": "3.0.0",
      "resolved": "https://registry.npmjs.org/ebml/-/ebml-3.0.0.tgz",
      "integrity": "sha512-Q6C1u4/TX1nYipT9HNIopp95YyyyI0zs1GXdNRKO7XL7k+oo+ZtDc1CaJjpCdmlLxWsnlKBOXJCXkYU0K/Anlg==",
      "license": "MIT",
      "dependencies": {
        "buffers": "^0.1.1",
        "debug": "~3.1.0"
      },
      "engines": {
        "node": ">= 6.4"
      }
    },
    "node_modules/ebml-block": {
      "version": "1.1.2",
      "resolved": "https://registry.npmjs.org/ebml-block/-/ebml-block-1.1.2.tgz",
      "integrity": "sha512-HgNlIsRFP6D9VKU5atCeHRJY7XkJP8bOe8yEhd8NB7B3b4++VWTyauz6g650iiPmLfPLGlVpoJmGSgMfXDYusg==",
      "license": "MIT"
    },
    "node_modules/ebml/node_modules/debug": {
      "version": "3.1.0",
      "resolved": "https://registry.npmjs.org/debug/-/debug-3.1.0.tgz",
      "integrity": "sha512-OX8XqP7/1a9cqkxYw2yXss15f26NKWBpDXQd0/uK/KPqdQhxbPa994hnzjcE2VqQpDslf55723cKPUOGSmMY3g==",
      "license": "MIT",
      "dependencies": {
        "ms": "2.0.0"
      }
    },
    "node_modules/ebml/node_modules/ms": {
      "version": "2.0.0",
      "resolved": "https://registry.npmjs.org/ms/-/ms-2.0.0.tgz",
      "integrity": "sha512-Tpp60P6IUJDTuOq/5Z8cdskzJujfwqfOTkrwIwj7IRISpnkJnT6SyJ4PCPnGMoFjC9ddhal5KVIYtAt97ix05A==",
      "license": "MIT"
    },
    "node_modules/events": {
      "version": "3.3.0",
      "resolved": "https://registry.npmjs.org/events/-/events-3.3.0.tgz",
      "integrity": "sha512-mQw+2fkQbALzQ7V0MY0IqdnXNOeTtP4r0lN9z7AAawCXgqea7bDii20AYrIBrFd/Hx0M2Ocz6S111CaFkUcb0Q==",
      "license": "MIT",
      "engines": {
        "node": ">=0.8.x"
      }
    },
    "node_modules/int64-buffer": {
      "version": "1.1.0",
      "resolved": "https://registry.npmjs.org/int64-buffer/-/int64-buffer-1.1.0.tgz",
      "integrity": "sha512-94smTCQOvigN4d/2R/YDjz8YVG0Sufvv2aAh8P5m42gwhCsDAJqnbNOrxJsrADuAFAA69Q/ptGzxvNcNuIJcvw==",
      "license": "MIT"
    },
    "node_modules/matroska-schema": {
      "version": "2.1.0",
      "resolved": "https://registry.npmjs.org/matroska-schema/-/matroska-schema-2.1.0.tgz",
      "integrity": "sha512-6c1oFmDxf4Vc5J5lA+9wO7TKcw5M1w85HfzFhAFT4OuEUuqp/s/jqqC3OKlaWe1YwN5wTThJyTC7iwhyW7kQdg==",
      "license": "MIT"
    },
    "node_modules/prism-media": {
      "version": "1.3.5",
      "resolved": "https://registry.npmjs.org/prism-media/-/prism-media-1.3.5.tgz",
      "integrity": "sha512-IQdl0Q01m4LrkN1EGIE9lphov5Hy7WWlH6ulf5QdGePLlPas9p2mhgddTEHrlaXYjjFToM1/rWuwF37VF4taaA==",
      "license": "Apache-2.0",
      "peerDependencies": {
        "@discordjs/opus": ">=0.8.0 <1.0.0",
        "ffmpeg-static": "^5.0.2 || ^4.2.7 || ^3.0.0 || ^2.4.0",
        "node-opus": "^0.3.3",
        "opusscript": "^0.0.8"
      },
      "peerDependenciesMeta": {
        "@discordjs/opus": {
          "optional": true
        },
        "ffmpeg-static": {
          "optional": true
        },
        "node-opus": {
          "optional": true
        },
        "opusscript": {
          "optional": true
        }
      }
    },
    "node_modules/ts-ebml": {
      "version": "3.0.2",
      "resolved": "https://registry.npmjs.org/ts-ebml/-/ts-ebml-3.0.2.tgz",
      "integrity": "sha512-Br6DA/YbdpsiSQjc0KaF3ASQtkk3MCiA4q5kIA7ptv6adZa/MdYa2TXAXF2bAzRZIMWfyFEC9Gicr3nb51MgDA==",
      "license": "MIT",
      "dependencies": {
        "commander": "^12.0.0",
        "ebml": "^3.0.0",
        "ebml-block": "^1.1.2",
        "events": "^3.3.0",
        "int64-buffer": "^1.0.1",
        "matroska-schema": "^2.1.0"
      },
      "bin": {
        "ts-ebml": "lib/cli.js"
      }
    }
  }
}
